
Microsoft Visual Studio Solution File, Format Version 12.00
# Visual Studio Version 17
VisualStudioVersion = 17.4.33110.190
MinimumVisualStudioVersion = 10.0.40219.1
Project("{FAE04EC0-301F-11D3-BF4B-00C04F79EFBC}") = "FirstProject", "FirstProject\FirstProject.csproj", "{A69DCD9D-7B85-49D5-8204-84AE86F4157F}"
EndProject
Global
	GlobalSection(SolutionConfigurationPlatforms) = preSolution
		Debug|Any CPU = Debug|Any CPU
		Release|Any CPU = Release|Any CPU
	EndGlobalSection
	GlobalSection(ProjectConfigurationPlatforms) = postSolution
		{A69DCD9D-7B85-49D5-8204-84AE86F4157F}.Debug|Any CPU.ActiveCfg = Debug|Any CPU
		{A69DCD9D-7B85-49D5-8204-84AE86F4157F}.Debug|Any CPU.Build.0 = Debug|Any CPU
		{A69DCD9D-7B85-49D5-8204-84AE86F4157F}.Release|Any CPU.ActiveCfg = Release|Any CPU
		{A69DCD9D-7B85-49D5-8204-84AE86F4157F}.Release|Any CPU.Build.0 = Release|Any CPU
	EndGlobalSection
	GlobalSection(SolutionProperties) = preSolution
		HideSolutionNode = FALSE
	EndGlobalSection
	GlobalSection(ExtensibilityGlobals) = postSolution
		SolutionGuid = {D38669A9-9B8F-4E9E-BD9C-1E93CF04A936}
	EndGlobalSection
EndGlobal
